
Microsoft Visual Studio Solution File, Format Version 12.00
# Visual Studio Version 17
VisualStudioVersion = 17.9.34723.18
MinimumVisualStudioVersion = 10.0.40219.1
Project("{FAE04EC0-301F-11D3-BF4B-00C04F79EFBC}") = "CrudDemoBlazorServer", "CrudDemoBlazorServer\CrudDemoBlazorServer.csproj", "{B19AC782-4450-4A0E-864E-82C94079888C}"
EndProject
Project("{FAE04EC0-301F-11D3-BF4B-00C04F79EFBC}") = "DemoBlazorServer", "DemoBlazorServer\DemoBlazorServer.csproj", "{FD69FE0F-35AC-48E2-9CF0-A0F2E3444BA1}"
EndProject
Global
	GlobalSection(SolutionConfigurationPlatforms) = preSolution
		Debug|Any CPU = Debug|Any CPU
		Release|Any CPU = Release|Any CPU
	EndGlobalSection
	GlobalSection(ProjectConfigurationPlatforms) = postSolution
		{B19AC782-4450-4A0E-864E-82C94079888C}.Debug|Any CPU.ActiveCfg = Debug|Any CPU
		{B19AC782-4450-4A0E-864E-82C94079888C}.Debug|Any CPU.Build.0 = Debug|Any CPU
		{B19AC782-4450-4A0E-864E-82C94079888C}.Release|Any CPU.ActiveCfg = Release|Any CPU
		{B19AC782-4450-4A0E-864E-82C94079888C}.Release|Any CPU.Build.0 = Release|Any CPU
		{FD69FE0F-35AC-48E2-9CF0-A0F2E3444BA1}.Debug|Any CPU.ActiveCfg = Debug|Any CPU
		{FD69FE0F-35AC-48E2-9CF0-A0F2E3444BA1}.Debug|Any CPU.Build.0 = Debug|Any CPU
		{FD69FE0F-35AC-48E2-9CF0-A0F2E3444BA1}.Release|Any CPU.ActiveCfg = Release|Any CPU
		{FD69FE0F-35AC-48E2-9CF0-A0F2E3444BA1}.Release|Any CPU.Build.0 = Release|Any CPU
	EndGlobalSection
	GlobalSection(SolutionProperties) = preSolution
		HideSolutionNode = FALSE
	EndGlobalSection
	GlobalSection(ExtensibilityGlobals) = postSolution
		SolutionGuid = {EF760654-D40C-4D15-9F18-F08C1740414E}
	EndGlobalSection
EndGlobal
